
Microsoft Visual Studio Solution File, Format Version 12.00
# Visual Studio Version 17
VisualStudioVersion = 17.0.31903.59
MinimumVisualStudioVersion = 10.0.40219.1
Project("{9A19103F-16F7-4668-BE54-9A1E7A4F7556}") = "TicTacToe.ConsoleUI", "TicTacToe.ConsoleUI\TicTacToe.ConsoleUI.csproj", "{01337C88-AEF9-4190-BBD0-FF5E340DCE7F}"
EndProject
Project("{9A19103F-16F7-4668-BE54-9A1E7A4F7556}") = "TicTacToe.Core", "TicTacToe.Core\TicTacToe.Core.csproj", "{1C8E604B-46FF-4987-B96F-6D2956271594}"
EndProject
Project("{9A19103F-16F7-4668-BE54-9A1E7A4F7556}") = "TicTacToe.Infrastructure", "TicTacToe.Infrastructure\TicTacToe.Infrastructure.csproj", "{95A4AFEA-3159-479E-823B-5A07FB77501F}"
EndProject
Project("{FAE04EC0-301F-11D3-BF4B-00C04F79EFBC}") = "TicTacToe.Tests", "TicTacToe.Tests\TicTacToe.Tests.csproj", "{15A67CDF-B177-42CD-9E68-BD7A9EBCEECD}"
EndProject
Project("{FAE04EC0-301F-11D3-BF4B-00C04F79EFBC}") = "TicTacToe.Api", "TicTacToe.Api\TicTacToe.Api.csproj", "{C8C00CF2-8806-47D5-9532-EA051EE2A8F7}"
EndProject
Project("{FAE04EC0-301F-11D3-BF4B-00C04F79EFBC}") = "TicTacToe.Application", "TicTacToe.Application\TicTacToe.Application.csproj", "{CBA06868-B5D6-4C6B-B213-52A86ED56019}"
EndProject
Project("{2150E333-8FDC-42A3-9474-1A3956D46DE8}") = "src", "src", "{D89F4A74-E740-4A8D-8780-15FF14DC2BA0}"
EndProject
Project("{2150E333-8FDC-42A3-9474-1A3956D46DE8}") = "tests", "tests", "{93E24BF5-78A2-4B44-A6D7-08F7B60F866A}"
EndProject
Project("{FAE04EC0-301F-11D3-BF4B-00C04F79EFBC}") = "TicTacToe.IntegrationTests", "TicTacToe.IntegrationTests\TicTacToe.IntegrationTests.csproj", "{C79A48B3-D80D-402A-B833-2D519195BFB0}"
EndProject
Global
	GlobalSection(SolutionConfigurationPlatforms) = preSolution
		Debug|Any CPU = Debug|Any CPU
		Release|Any CPU = Release|Any CPU
	EndGlobalSection
	GlobalSection(ProjectConfigurationPlatforms) = postSolution
		{01337C88-AEF9-4190-BBD0-FF5E340DCE7F}.Debug|Any CPU.ActiveCfg = Debug|Any CPU
		{01337C88-AEF9-4190-BBD0-FF5E340DCE7F}.Debug|Any CPU.Build.0 = Debug|Any CPU
		{01337C88-AEF9-4190-BBD0-FF5E340DCE7F}.Release|Any CPU.ActiveCfg = Release|Any CPU
		{01337C88-AEF9-4190-BBD0-FF5E340DCE7F}.Release|Any CPU.Build.0 = Release|Any CPU
		{1C8E604B-46FF-4987-B96F-6D2956271594}.Debug|Any CPU.ActiveCfg = Debug|Any CPU
		{1C8E604B-46FF-4987-B96F-6D2956271594}.Debug|Any CPU.Build.0 = Debug|Any CPU
		{1C8E604B-46FF-4987-B96F-6D2956271594}.Release|Any CPU.ActiveCfg = Release|Any CPU
		{1C8E604B-46FF-4987-B96F-6D2956271594}.Release|Any CPU.Build.0 = Release|Any CPU
		{95A4AFEA-3159-479E-823B-5A07FB77501F}.Debug|Any CPU.ActiveCfg = Debug|Any CPU
		{95A4AFEA-3159-479E-823B-5A07FB77501F}.Debug|Any CPU.Build.0 = Debug|Any CPU
		{95A4AFEA-3159-479E-823B-5A07FB77501F}.Release|Any CPU.ActiveCfg = Release|Any CPU
		{95A4AFEA-3159-479E-823B-5A07FB77501F}.Release|Any CPU.Build.0 = Release|Any CPU
		{15A67CDF-B177-42CD-9E68-BD7A9EBCEECD}.Debug|Any CPU.ActiveCfg = Debug|Any CPU
		{15A67CDF-B177-42CD-9E68-BD7A9EBCEECD}.Debug|Any CPU.Build.0 = Debug|Any CPU
		{15A67CDF-B177-42CD-9E68-BD7A9EBCEECD}.Release|Any CPU.ActiveCfg = Release|Any CPU
		{15A67CDF-B177-42CD-9E68-BD7A9EBCEECD}.Release|Any CPU.Build.0 = Release|Any CPU
		{C8C00CF2-8806-47D5-9532-EA051EE2A8F7}.Debug|Any CPU.ActiveCfg = Debug|Any CPU
		{C8C00CF2-8806-47D5-9532-EA051EE2A8F7}.Debug|Any CPU.Build.0 = Debug|Any CPU
		{C8C00CF2-8806-47D5-9532-EA051EE2A8F7}.Release|Any CPU.ActiveCfg = Release|Any CPU
		{C8C00CF2-8806-47D5-9532-EA051EE2A8F7}.Release|Any CPU.Build.0 = Release|Any CPU
		{CBA06868-B5D6-4C6B-B213-52A86ED56019}.Debug|Any CPU.ActiveCfg = Debug|Any CPU
		{CBA06868-B5D6-4C6B-B213-52A86ED56019}.Debug|Any CPU.Build.0 = Debug|Any CPU
		{CBA06868-B5D6-4C6B-B213-52A86ED56019}.Release|Any CPU.ActiveCfg = Release|Any CPU
		{CBA06868-B5D6-4C6B-B213-52A86ED56019}.Release|Any CPU.Build.0 = Release|Any CPU
		{C79A48B3-D80D-402A-B833-2D519195BFB0}.Debug|Any CPU.ActiveCfg = Debug|Any CPU
		{C79A48B3-D80D-402A-B833-2D519195BFB0}.Debug|Any CPU.Build.0 = Debug|Any CPU
		{C79A48B3-D80D-402A-B833-2D519195BFB0}.Release|Any CPU.ActiveCfg = Release|Any CPU
		{C79A48B3-D80D-402A-B833-2D519195BFB0}.Release|Any CPU.Build.0 = Release|Any CPU
	EndGlobalSection
	GlobalSection(SolutionProperties) = preSolution
		HideSolutionNode = FALSE
	EndGlobalSection
	GlobalSection(ExtensibilityGlobals) = postSolution
		SolutionGuid = {27C30641-8863-4C2B-AE7C-58B60A8B79B3}
	EndGlobalSection
	GlobalSection(NestedProjects) = preSolution
		{C8C00CF2-8806-47D5-9532-EA051EE2A8F7} = {D89F4A74-E740-4A8D-8780-15FF14DC2BA0}
		{CBA06868-B5D6-4C6B-B213-52A86ED56019} = {D89F4A74-E740-4A8D-8780-15FF14DC2BA0}
		{15A67CDF-B177-42CD-9E68-BD7A9EBCEECD} = {93E24BF5-78A2-4B44-A6D7-08F7B60F866A}
		{1C8E604B-46FF-4987-B96F-6D2956271594} = {D89F4A74-E740-4A8D-8780-15FF14DC2BA0}
		{01337C88-AEF9-4190-BBD0-FF5E340DCE7F} = {D89F4A74-E740-4A8D-8780-15FF14DC2BA0}
		{95A4AFEA-3159-479E-823B-5A07FB77501F} = {D89F4A74-E740-4A8D-8780-15FF14DC2BA0}
		{C79A48B3-D80D-402A-B833-2D519195BFB0} = {93E24BF5-78A2-4B44-A6D7-08F7B60F866A}
	EndGlobalSection
EndGlobal
